
Microsoft Visual Studio Solution File, Format Version 12.00
# Visual Studio Version 16
VisualStudioVersion = 16.0.30114.105
MinimumVisualStudioVersion = 10.0.40219.1
Project("{FAE04EC0-301F-11D3-BF4B-00C04F79EFBC}") = "Task1", "Task1\Task1.csproj", "{B90B28D1-1D8D-4EEB-8C2B-3F91A3058BBC}"
EndProject
Global
	GlobalSection(SolutionConfigurationPlatforms) = preSolution
		Debug|Any CPU = Debug|Any CPU
		Release|Any CPU = Release|Any CPU
	EndGlobalSection
	GlobalSection(SolutionProperties) = preSolution
		HideSolutionNode = FALSE
	EndGlobalSection
	GlobalSection(ProjectConfigurationPlatforms) = postSolution
		{B90B28D1-1D8D-4EEB-8C2B-3F91A3058BBC}.Debug|Any CPU.ActiveCfg = Debug|Any CPU
		{B90B28D1-1D8D-4EEB-8C2B-3F91A3058BBC}.Debug|Any CPU.Build.0 = Debug|Any CPU
		{B90B28D1-1D8D-4EEB-8C2B-3F91A3058BBC}.Release|Any CPU.ActiveCfg = Release|Any CPU
		{B90B28D1-1D8D-4EEB-8C2B-3F91A3058BBC}.Release|Any CPU.Build.0 = Release|Any CPU
	EndGlobalSection
EndGlobal
