
Microsoft Visual Studio Solution File, Format Version 12.00
# Visual Studio Version 16
VisualStudioVersion = 16.0.30114.105
MinimumVisualStudioVersion = 10.0.40219.1
Project("{FAE04EC0-301F-11D3-BF4B-00C04F79EFBC}") = "Logging", "Logging\Logging.csproj", "{C6BE499C-D292-46B3-A4D4-DEDCDED19DF3}"
EndProject
Global
	GlobalSection(SolutionConfigurationPlatforms) = preSolution
		Debug|Any CPU = Debug|Any CPU
		Release|Any CPU = Release|Any CPU
	EndGlobalSection
	GlobalSection(SolutionProperties) = preSolution
		HideSolutionNode = FALSE
	EndGlobalSection
	GlobalSection(ProjectConfigurationPlatforms) = postSolution
		{C6BE499C-D292-46B3-A4D4-DEDCDED19DF3}.Debug|Any CPU.ActiveCfg = Debug|Any CPU
		{C6BE499C-D292-46B3-A4D4-DEDCDED19DF3}.Debug|Any CPU.Build.0 = Debug|Any CPU
		{C6BE499C-D292-46B3-A4D4-DEDCDED19DF3}.Release|Any CPU.ActiveCfg = Release|Any CPU
		{C6BE499C-D292-46B3-A4D4-DEDCDED19DF3}.Release|Any CPU.Build.0 = Release|Any CPU
	EndGlobalSection
EndGlobal
