
Microsoft Visual Studio Solution File, Format Version 12.00
# Visual Studio 15
VisualStudioVersion = 15.0.28010.0
MinimumVisualStudioVersion = 10.0.40219.1
Project("{9A19103F-16F7-4668-BE54-9A1E7A4F7556}") = "CalcLibrary", "CalcLibrary\CalcLibrary.csproj", "{CF9F0ABE-C280-4F84-8890-69F9E59BF84F}"
EndProject
Project("{FAE04EC0-301F-11D3-BF4B-00C04F79EFBC}") = "CalcLibrary.UnitTest", "CalcLibrary.UnitTest\CalcLibrary.UnitTest.csproj", "{C76B18F5-BA53-4CC7-B666-0183C4779B2C}"
EndProject
Global
	GlobalSection(SolutionConfigurationPlatforms) = preSolution
		Debug|Any CPU = Debug|Any CPU
		Release|Any CPU = Release|Any CPU
	EndGlobalSection
	GlobalSection(ProjectConfigurationPlatforms) = postSolution
		{CF9F0ABE-C280-4F84-8890-69F9E59BF84F}.Debug|Any CPU.ActiveCfg = Debug|Any CPU
		{CF9F0ABE-C280-4F84-8890-69F9E59BF84F}.Debug|Any CPU.Build.0 = Debug|Any CPU
		{CF9F0ABE-C280-4F84-8890-69F9E59BF84F}.Release|Any CPU.ActiveCfg = Release|Any CPU
		{CF9F0ABE-C280-4F84-8890-69F9E59BF84F}.Release|Any CPU.Build.0 = Release|Any CPU
		{C76B18F5-BA53-4CC7-B666-0183C4779B2C}.Debug|Any CPU.ActiveCfg = Debug|Any CPU
		{C76B18F5-BA53-4CC7-B666-0183C4779B2C}.Debug|Any CPU.Build.0 = Debug|Any CPU
		{C76B18F5-BA53-4CC7-B666-0183C4779B2C}.Release|Any CPU.ActiveCfg = Release|Any CPU
		{C76B18F5-BA53-4CC7-B666-0183C4779B2C}.Release|Any CPU.Build.0 = Release|Any CPU
	EndGlobalSection
	GlobalSection(SolutionProperties) = preSolution
		HideSolutionNode = FALSE
	EndGlobalSection
	GlobalSection(ExtensibilityGlobals) = postSolution
		SolutionGuid = {81769E1B-3B70-4325-8C22-988EF210FE89}
	EndGlobalSection
EndGlobal
