
Microsoft Visual Studio Solution File, Format Version 12.00
# Visual Studio Version 16
VisualStudioVersion = 16.0.30114.105
MinimumVisualStudioVersion = 10.0.40219.1
Project("{FAE04EC0-301F-11D3-BF4B-00C04F79EFBC}") = "CustomerCommLib", "CustomerCommLib\CustomerCommLib.csproj", "{D380EE95-B355-47D4-9F74-FC72CF2C9D07}"
EndProject
Project("{FAE04EC0-301F-11D3-BF4B-00C04F79EFBC}") = "CustomerCommLib.UnitTest", "CustomerCommLib.UnitTest\CustomerCommLib.UnitTest.csproj", "{CF3BEBD2-DF97-4C9E-A846-164BD1FFDC64}"
EndProject
Global
	GlobalSection(SolutionConfigurationPlatforms) = preSolution
		Debug|Any CPU = Debug|Any CPU
		Release|Any CPU = Release|Any CPU
	EndGlobalSection
	GlobalSection(SolutionProperties) = preSolution
		HideSolutionNode = FALSE
	EndGlobalSection
	GlobalSection(ProjectConfigurationPlatforms) = postSolution
		{D380EE95-B355-47D4-9F74-FC72CF2C9D07}.Debug|Any CPU.ActiveCfg = Debug|Any CPU
		{D380EE95-B355-47D4-9F74-FC72CF2C9D07}.Debug|Any CPU.Build.0 = Debug|Any CPU
		{D380EE95-B355-47D4-9F74-FC72CF2C9D07}.Release|Any CPU.ActiveCfg = Release|Any CPU
		{D380EE95-B355-47D4-9F74-FC72CF2C9D07}.Release|Any CPU.Build.0 = Release|Any CPU
		{CF3BEBD2-DF97-4C9E-A846-164BD1FFDC64}.Debug|Any CPU.ActiveCfg = Debug|Any CPU
		{CF3BEBD2-DF97-4C9E-A846-164BD1FFDC64}.Debug|Any CPU.Build.0 = Debug|Any CPU
		{CF3BEBD2-DF97-4C9E-A846-164BD1FFDC64}.Release|Any CPU.ActiveCfg = Release|Any CPU
		{CF3BEBD2-DF97-4C9E-A846-164BD1FFDC64}.Release|Any CPU.Build.0 = Release|Any CPU
	EndGlobalSection
EndGlobal
